
Microsoft Visual Studio Solution File, Format Version 12.00
# Visual Studio Version 17
VisualStudioVersion = 17.10.35027.167
MinimumVisualStudioVersion = 10.0.40219.1
Project("{FAE04EC0-301F-11D3-BF4B-00C04F79EFBC}") = "WebApi", "WebApi\WebApi.csproj", "{21125610-BBCF-4AD4-BA08-56F597B2EF4C}"
EndProject
Project("{FAE04EC0-301F-11D3-BF4B-00C04F79EFBC}") = "Persistence", "Persistence\Persistence.csproj", "{B2518F35-1683-4C94-BD0D-8D15B0564BC8}"
EndProject
Project("{FAE04EC0-301F-11D3-BF4B-00C04F79EFBC}") = "Domain", "Domain\Domain.csproj", "{15EE7395-206C-4384-9C03-48C8FDC0B381}"
EndProject
Project("{FAE04EC0-301F-11D3-BF4B-00C04F79EFBC}") = "Application", "Application\Application.csproj", "{1C6F9D99-3364-47D6-8756-57725E248450}"
EndProject
Project("{FAE04EC0-301F-11D3-BF4B-00C04F79EFBC}") = "Infrastructure", "Infrastructure\Infrastructure.csproj", "{F548974B-1FFE-4052-9673-6C957B82388E}"
EndProject
Global
	GlobalSection(SolutionConfigurationPlatforms) = preSolution
		Debug|Any CPU = Debug|Any CPU
		Release|Any CPU = Release|Any CPU
	EndGlobalSection
	GlobalSection(ProjectConfigurationPlatforms) = postSolution
		{21125610-BBCF-4AD4-BA08-56F597B2EF4C}.Debug|Any CPU.ActiveCfg = Debug|Any CPU
		{21125610-BBCF-4AD4-BA08-56F597B2EF4C}.Debug|Any CPU.Build.0 = Debug|Any CPU
		{21125610-BBCF-4AD4-BA08-56F597B2EF4C}.Release|Any CPU.ActiveCfg = Release|Any CPU
		{21125610-BBCF-4AD4-BA08-56F597B2EF4C}.Release|Any CPU.Build.0 = Release|Any CPU
		{B2518F35-1683-4C94-BD0D-8D15B0564BC8}.Debug|Any CPU.ActiveCfg = Debug|Any CPU
		{B2518F35-1683-4C94-BD0D-8D15B0564BC8}.Debug|Any CPU.Build.0 = Debug|Any CPU
		{B2518F35-1683-4C94-BD0D-8D15B0564BC8}.Release|Any CPU.ActiveCfg = Release|Any CPU
		{B2518F35-1683-4C94-BD0D-8D15B0564BC8}.Release|Any CPU.Build.0 = Release|Any CPU
		{15EE7395-206C-4384-9C03-48C8FDC0B381}.Debug|Any CPU.ActiveCfg = Debug|Any CPU
		{15EE7395-206C-4384-9C03-48C8FDC0B381}.Debug|Any CPU.Build.0 = Debug|Any CPU
		{15EE7395-206C-4384-9C03-48C8FDC0B381}.Release|Any CPU.ActiveCfg = Release|Any CPU
		{15EE7395-206C-4384-9C03-48C8FDC0B381}.Release|Any CPU.Build.0 = Release|Any CPU
		{1C6F9D99-3364-47D6-8756-57725E248450}.Debug|Any CPU.ActiveCfg = Debug|Any CPU
		{1C6F9D99-3364-47D6-8756-57725E248450}.Debug|Any CPU.Build.0 = Debug|Any CPU
		{1C6F9D99-3364-47D6-8756-57725E248450}.Release|Any CPU.ActiveCfg = Release|Any CPU
		{1C6F9D99-3364-47D6-8756-57725E248450}.Release|Any CPU.Build.0 = Release|Any CPU
		{F548974B-1FFE-4052-9673-6C957B82388E}.Debug|Any CPU.ActiveCfg = Debug|Any CPU
		{F548974B-1FFE-4052-9673-6C957B82388E}.Debug|Any CPU.Build.0 = Debug|Any CPU
		{F548974B-1FFE-4052-9673-6C957B82388E}.Release|Any CPU.ActiveCfg = Release|Any CPU
		{F548974B-1FFE-4052-9673-6C957B82388E}.Release|Any CPU.Build.0 = Release|Any CPU
	EndGlobalSection
	GlobalSection(SolutionProperties) = preSolution
		HideSolutionNode = FALSE
	EndGlobalSection
	GlobalSection(ExtensibilityGlobals) = postSolution
		SolutionGuid = {857A0F70-A9D2-4DF3-A481-531EB1B7092F}
	EndGlobalSection
EndGlobal
